
Microsoft Visual Studio Solution File, Format Version 12.00
# Visual Studio Version 17
VisualStudioVersion = 17.5.002.0
MinimumVisualStudioVersion = 10.0.40219.1
Project("{9A19103F-16F7-4668-BE54-9A1E7A4F7556}") = "SuitesConsole", "SuitesConsole.csproj", "{4C1A7C8A-C00E-4874-9483-310E05FCA682}"
EndProject
Global
	GlobalSection(SolutionConfigurationPlatforms) = preSolution
		Debug|Any CPU = Debug|Any CPU
		Release|Any CPU = Release|Any CPU
	EndGlobalSection
	GlobalSection(ProjectConfigurationPlatforms) = postSolution
		{4C1A7C8A-C00E-4874-9483-310E05FCA682}.Debug|Any CPU.ActiveCfg = Debug|Any CPU
		{4C1A7C8A-C00E-4874-9483-310E05FCA682}.Debug|Any CPU.Build.0 = Debug|Any CPU
		{4C1A7C8A-C00E-4874-9483-310E05FCA682}.Release|Any CPU.ActiveCfg = Release|Any CPU
		{4C1A7C8A-C00E-4874-9483-310E05FCA682}.Release|Any CPU.Build.0 = Release|Any CPU
	EndGlobalSection
	GlobalSection(SolutionProperties) = preSolution
		HideSolutionNode = FALSE
	EndGlobalSection
	GlobalSection(ExtensibilityGlobals) = postSolution
		SolutionGuid = {6191ECBA-95BB-4D83-9C39-1F5A3188C76C}
	EndGlobalSection
EndGlobal
