
Microsoft Visual Studio Solution File, Format Version 12.00
# Visual Studio Version 17
VisualStudioVersion = 17.5.002.0
MinimumVisualStudioVersion = 10.0.40219.1
Project("{9A19103F-16F7-4668-BE54-9A1E7A4F7556}") = "SuitesConsole", "SuitesConsole\SuitesConsole.csproj", "{22825206-A16D-4FAB-9EB8-97826F6A6ED4}"
EndProject
Global
	GlobalSection(SolutionConfigurationPlatforms) = preSolution
		Debug|Any CPU = Debug|Any CPU
		Release|Any CPU = Release|Any CPU
	EndGlobalSection
	GlobalSection(ProjectConfigurationPlatforms) = postSolution
		{22825206-A16D-4FAB-9EB8-97826F6A6ED4}.Debug|Any CPU.ActiveCfg = Debug|Any CPU
		{22825206-A16D-4FAB-9EB8-97826F6A6ED4}.Debug|Any CPU.Build.0 = Debug|Any CPU
		{22825206-A16D-4FAB-9EB8-97826F6A6ED4}.Release|Any CPU.ActiveCfg = Release|Any CPU
		{22825206-A16D-4FAB-9EB8-97826F6A6ED4}.Release|Any CPU.Build.0 = Release|Any CPU
	EndGlobalSection
	GlobalSection(SolutionProperties) = preSolution
		HideSolutionNode = FALSE
	EndGlobalSection
	GlobalSection(ExtensibilityGlobals) = postSolution
		SolutionGuid = {6A479702-B045-4EC4-B2F7-2F4CA645EF5F}
	EndGlobalSection
EndGlobal
